// !$*UTF8*$!
{
	archiveVersion = 1;
	classes = {
	};
	objectVersion = 56;
	objects = {

/* Begin PBXBuildFile section */
		A750CC242C7C831B003A4B0C /* SmartHomeView.swift in Sources */ = {isa = PBXBuildFile; fileRef = A750CC232C7C831B003A4B0C /* SmartHomeView.swift */; };
		A750CC262C7C85C8003A4B0C /* AddItemView.swift in Sources */ = {isa = PBXBuildFile; fileRef = A750CC252C7C85C8003A4B0C /* AddItemView.swift */; };
		A750CC282C7C8AF8003A4B0C /* RoomView.swift in Sources */ = {isa = PBXBuildFile; fileRef = A750CC272C7C8AF8003A4B0C /* RoomView.swift */; };
		A750CC2A2C7CAA45003A4B0C /* DropdownMenuView.swift in Sources */ = {isa = PBXBuildFile; fileRef = A750CC292C7CAA45003A4B0C /* DropdownMenuView.swift */; };
		A750CC2C2C7CC0DD003A4B0C /* ButtonView.swift in Sources */ = {isa = PBXBuildFile; fileRef = A750CC2B2C7CC0DD003A4B0C /* ButtonView.swift */; };
		A750CC322C7DCE5F003A4B0C /* DeviceType.swift in Sources */ = {isa = PBXBuildFile; fileRef = A750CC312C7DCE5F003A4B0C /* DeviceType.swift */; };
		A750CC342C7DCEF1003A4B0C /* SmartDevice.swift in Sources */ = {isa = PBXBuildFile; fileRef = A750CC332C7DCEF1003A4B0C /* SmartDevice.swift */; };
		DB36005B2C78DAE9001888EF /* _3_02_SmartHomeApp.swift in Sources */ = {isa = PBXBuildFile; fileRef = DB36005A2C78DAE9001888EF /* _3_02_SmartHomeApp.swift */; };
		DB36005F2C78DAEA001888EF /* Assets.xcassets in Resources */ = {isa = PBXBuildFile; fileRef = DB36005E2C78DAEA001888EF /* Assets.xcassets */; };
		DB3600622C78DAEA001888EF /* Preview Assets.xcassets in Resources */ = {isa = PBXBuildFile; fileRef = DB3600612C78DAEA001888EF /* Preview Assets.xcassets */; };
/* End PBXBuildFile section */

/* Begin PBXFileReference section */
		A750CC232C7C831B003A4B0C /* SmartHomeView.swift */ = {isa = PBXFileReference; lastKnownFileType = sourcecode.swift; path = SmartHomeView.swift; sourceTree = "<group>"; };
		A750CC252C7C85C8003A4B0C /* AddItemView.swift */ = {isa = PBXFileReference; lastKnownFileType = sourcecode.swift; path = AddItemView.swift; sourceTree = "<group>"; };
		A750CC272C7C8AF8003A4B0C /* RoomView.swift */ = {isa = PBXFileReference; lastKnownFileType = sourcecode.swift; path = RoomView.swift; sourceTree = "<group>"; };
		A750CC292C7CAA45003A4B0C /* DropdownMenuView.swift */ = {isa = PBXFileReference; lastKnownFileType = sourcecode.swift; path = DropdownMenuView.swift; sourceTree = "<group>"; };
		A750CC2B2C7CC0DD003A4B0C /* ButtonView.swift */ = {isa = PBXFileReference; lastKnownFileType = sourcecode.swift; path = ButtonView.swift; sourceTree = "<group>"; };
		A750CC312C7DCE5F003A4B0C /* DeviceType.swift */ = {isa = PBXFileReference; lastKnownFileType = sourcecode.swift; path = DeviceType.swift; sourceTree = "<group>"; };
		A750CC332C7DCEF1003A4B0C /* SmartDevice.swift */ = {isa = PBXFileReference; lastKnownFileType = sourcecode.swift; path = SmartDevice.swift; sourceTree = "<group>"; };
		DB3600572C78DAE9001888EF /* 03-02-SmartHome.app */ = {isa = PBXFileReference; explicitFileType = wrapper.application; includeInIndex = 0; path = "03-02-SmartHome.app"; sourceTree = BUILT_PRODUCTS_DIR; };
		DB36005A2C78DAE9001888EF /* _3_02_SmartHomeApp.swift */ = {isa = PBXFileReference; lastKnownFileType = sourcecode.swift; path = _3_02_SmartHomeApp.swift; sourceTree = "<group>"; };
		DB36005E2C78DAEA001888EF /* Assets.xcassets */ = {isa = PBXFileReference; lastKnownFileType = folder.assetcatalog; path = Assets.xcassets; sourceTree = "<group>"; };
		DB3600612C78DAEA001888EF /* Preview Assets.xcassets */ = {isa = PBXFileReference; lastKnownFileType = folder.assetcatalog; path = "Preview Assets.xcassets"; sourceTree = "<group>"; };
/* End PBXFileReference section */

/* Begin PBXFrameworksBuildPhase section */
		DB3600542C78DAE9001888EF /* Frameworks */ = {
			isa = PBXFrameworksBuildPhase;
			buildActionMask = 2147483647;
			files = (
			);
			runOnlyForDeploymentPostprocessing = 0;
		};
/* End PBXFrameworksBuildPhase section */

/* Begin PBXGroup section */
		A750CC212C7C82C0003A4B0C /* Models */ = {
			isa = PBXGroup;
			children = (
				A750CC312C7DCE5F003A4B0C /* DeviceType.swift */,
				A750CC332C7DCEF1003A4B0C /* SmartDevice.swift */,
			);
			path = Models;
			sourceTree = "<group>";
		};
		A750CC222C7C82C6003A4B0C /* Views */ = {
			isa = PBXGroup;
			children = (
				A750CC232C7C831B003A4B0C /* SmartHomeView.swift */,
				A750CC252C7C85C8003A4B0C /* AddItemView.swift */,
				A750CC272C7C8AF8003A4B0C /* RoomView.swift */,
				A750CC292C7CAA45003A4B0C /* DropdownMenuView.swift */,
				A750CC2B2C7CC0DD003A4B0C /* ButtonView.swift */,
			);
			path = Views;
			sourceTree = "<group>";
		};
		DB36004E2C78DAE9001888EF = {
			isa = PBXGroup;
			children = (
				DB3600592C78DAE9001888EF /* 03-02-SmartHome */,
				DB3600582C78DAE9001888EF /* Products */,
			);
			sourceTree = "<group>";
		};
		DB3600582C78DAE9001888EF /* Products */ = {
			isa = PBXGroup;
			children = (
				DB3600572C78DAE9001888EF /* 03-02-SmartHome.app */,
			);
			name = Products;
			sourceTree = "<group>";
		};
		DB3600592C78DAE9001888EF /* 03-02-SmartHome */ = {
			isa = PBXGroup;
			children = (
				A750CC222C7C82C6003A4B0C /* Views */,
				A750CC212C7C82C0003A4B0C /* Models */,
				DB36005A2C78DAE9001888EF /* _3_02_SmartHomeApp.swift */,
				DB36005E2C78DAEA001888EF /* Assets.xcassets */,
				DB3600602C78DAEA001888EF /* Preview Content */,
			);
			path = "03-02-SmartHome";
			sourceTree = "<group>";
		};
		DB3600602C78DAEA001888EF /* Preview Content */ = {
			isa = PBXGroup;
			children = (
				DB3600612C78DAEA001888EF /* Preview Assets.xcassets */,
			);
			path = "Preview Content";
			sourceTree = "<group>";
		};
/* End PBXGroup section */

/* Begin PBXNativeTarget section */
		DB3600562C78DAE9001888EF /* 03-02-SmartHome */ = {
			isa = PBXNativeTarget;
			buildConfigurationList = DB3600652C78DAEA001888EF /* Build configuration list for PBXNativeTarget "03-02-SmartHome" */;
			buildPhases = (
				DB3600532C78DAE9001888EF /* Sources */,
				DB3600542C78DAE9001888EF /* Frameworks */,
				DB3600552C78DAE9001888EF /* Resources */,
			);
			buildRules = (
			);
			dependencies = (
			);
			name = "03-02-SmartHome";
			productName = "03-02-SmartHome";
			productReference = DB3600572C78DAE9001888EF /* 03-02-SmartHome.app */;
			productType = "com.apple.product-type.application";
		};
/* End PBXNativeTarget section */

/* Begin PBXProject section */
		DB36004F2C78DAE9001888EF /* Project object */ = {
			isa = PBXProject;
			attributes = {
				BuildIndependentTargetsInParallel = 1;
				LastSwiftUpdateCheck = 1540;
				LastUpgradeCheck = 1540;
				TargetAttributes = {
					DB3600562C78DAE9001888EF = {
						CreatedOnToolsVersion = 15.4;
					};
				};
			};
			buildConfigurationList = DB3600522C78DAE9001888EF /* Build configuration list for PBXProject "03-02-SmartHome" */;
			compatibilityVersion = "Xcode 14.0";
			developmentRegion = en;
			hasScannedForEncodings = 0;
			knownRegions = (
				en,
				Base,
			);
			mainGroup = DB36004E2C78DAE9001888EF;
			productRefGroup = DB3600582C78DAE9001888EF /* Products */;
			projectDirPath = "";
			projectRoot = "";
			targets = (
				DB3600562C78DAE9001888EF /* 03-02-SmartHome */,
			);
		};
/* End PBXProject section */

/* Begin PBXResourcesBuildPhase section */
		DB3600552C78DAE9001888EF /* Resources */ = {
			isa = PBXResourcesBuildPhase;
			buildActionMask = 2147483647;
			files = (
				DB3600622C78DAEA001888EF /* Preview Assets.xcassets in Resources */,
				DB36005F2C78DAEA001888EF /* Assets.xcassets in Resources */,
			);
			runOnlyForDeploymentPostprocessing = 0;
		};
/* End PBXResourcesBuildPhase section */

/* Begin PBXSourcesBuildPhase section */
		DB3600532C78DAE9001888EF /* Sources */ = {
			isa = PBXSourcesBuildPhase;
			buildActionMask = 2147483647;
			files = (
				A750CC2A2C7CAA45003A4B0C /* DropdownMenuView.swift in Sources */,
				DB36005B2C78DAE9001888EF /* _3_02_SmartHomeApp.swift in Sources */,
				A750CC322C7DCE5F003A4B0C /* DeviceType.swift in Sources */,
				A750CC342C7DCEF1003A4B0C /* SmartDevice.swift in Sources */,
				A750CC2C2C7CC0DD003A4B0C /* ButtonView.swift in Sources */,
				A750CC282C7C8AF8003A4B0C /* RoomView.swift in Sources */,
				A750CC242C7C831B003A4B0C /* SmartHomeView.swift in Sources */,
				A750CC262C7C85C8003A4B0C /* AddItemView.swift in Sources */,
			);
			runOnlyForDeploymentPostprocessing = 0;
		};
/* End PBXSourcesBuildPhase section */

/* Begin XCBuildConfiguration section */
		DB3600632C78DAEA001888EF /* Debug */ = {
			isa = XCBuildConfiguration;
			buildSettings = {
				ALWAYS_SEARCH_USER_PATHS = NO;
				ASSETCATALOG_COMPILER_GENERATE_SWIFT_ASSET_SYMBOL_EXTENSIONS = YES;
				CLANG_ANALYZER_NONNULL = YES;
				CLANG_ANALYZER_NUMBER_OBJECT_CONVERSION = YES_AGGRESSIVE;
				CLANG_CXX_LANGUAGE_STANDARD = "gnu++20";
				CLANG_ENABLE_MODULES = YES;
				CLANG_ENABLE_OBJC_ARC = YES;
				CLANG_ENABLE_OBJC_WEAK = YES;
				CLANG_WARN_BLOCK_CAPTURE_AUTORELEASING = YES;
				CLANG_WARN_BOOL_CONVERSION = YES;
				CLANG_WARN_COMMA = YES;
				CLANG_WARN_CONSTANT_CONVERSION = YES;
				CLANG_WARN_DEPRECATED_OBJC_IMPLEMENTATIONS = YES;
				CLANG_WARN_DIRECT_OBJC_ISA_USAGE = YES_ERROR;
				CLANG_WARN_DOCUMENTATION_COMMENTS = YES;
				CLANG_WARN_EMPTY_BODY = YES;
				CLANG_WARN_ENUM_CONVERSION = YES;
				CLANG_WARN_INFINITE_RECURSION = YES;
				CLANG_WARN_INT_CONVERSION = YES;
				CLANG_WARN_NON_LITERAL_NULL_CONVERSION = YES;
				CLANG_WARN_OBJC_IMPLICIT_RETAIN_SELF = YES;
				CLANG_WARN_OBJC_LITERAL_CONVERSION = YES;
				CLANG_WARN_OBJC_ROOT_CLASS = YES_ERROR;
				CLANG_WARN_QUOTED_INCLUDE_IN_FRAMEWORK_HEADER = YES;
				CLANG_WARN_RANGE_LOOP_ANALYSIS = YES;
				CLANG_WARN_STRICT_PROTOTYPES = YES;
				CLANG_WARN_SUSPICIOUS_MOVE = YES;
				CLANG_WARN_UNGUARDED_AVAILABILITY = YES_AGGRESSIVE;
				CLANG_WARN_UNREACHABLE_CODE = YES;
				CLANG_WARN__DUPLICATE_METHOD_MATCH = YES;
				COPY_PHASE_STRIP = NO;
				DEBUG_INFORMATION_FORMAT = dwarf;
				ENABLE_STRICT_OBJC_MSGSEND = YES;
				ENABLE_TESTABILITY = YES;
				ENABLE_USER_SCRIPT_SANDBOXING = YES;
				GCC_C_LANGUAGE_STANDARD = gnu17;
				GCC_DYNAMIC_NO_PIC = NO;
				GCC_NO_COMMON_BLOCKS = YES;
				GCC_OPTIMIZATION_LEVEL = 0;
				GCC_PREPROCESSOR_DEFINITIONS = (
					"DEBUG=1",
					"$(inherited)",
				);
				GCC_WARN_64_TO_32_BIT_CONVERSION = YES;
				GCC_WARN_ABOUT_RETURN_TYPE = YES_ERROR;
				GCC_WARN_UNDECLARED_SELECTOR = YES;
				GCC_WARN_UNINITIALIZED_AUTOS = YES_AGGRESSIVE;
				GCC_WARN_UNUSED_FUNCTION = YES;
				GCC_WARN_UNUSED_VARIABLE = YES;
				IPHONEOS_DEPLOYMENT_TARGET = 17.5;
				LOCALIZATION_PREFERS_STRING_CATALOGS = YES;
				MTL_ENABLE_DEBUG_INFO = INCLUDE_SOURCE;
				MTL_FAST_MATH = YES;
				ONLY_ACTIVE_ARCH = YES;
				SDKROOT = iphoneos;
				SWIFT_ACTIVE_COMPILATION_CONDITIONS = "DEBUG $(inherited)";
				SWIFT_OPTIMIZATION_LEVEL = "-Onone";
			};
			name = Debug;
		};
		DB3600642C78DAEA001888EF /* Release */ = {
			isa = XCBuildConfiguration;
			buildSettings = {
				ALWAYS_SEARCH_USER_PATHS = NO;
				ASSETCATALOG_COMPILER_GENERATE_SWIFT_ASSET_SYMBOL_EXTENSIONS = YES;
				CLANG_ANALYZER_NONNULL = YES;
				CLANG_ANALYZER_NUMBER_OBJECT_CONVERSION = YES_AGGRESSIVE;
				CLANG_CXX_LANGUAGE_STANDARD = "gnu++20";
				CLANG_ENABLE_MODULES = YES;
				CLANG_ENABLE_OBJC_ARC = YES;
				CLANG_ENABLE_OBJC_WEAK = YES;
				CLANG_WARN_BLOCK_CAPTURE_AUTORELEASING = YES;
				CLANG_WARN_BOOL_CONVERSION = YES;
				CLANG_WARN_COMMA = YES;
				CLANG_WARN_CONSTANT_CONVERSION = YES;
				CLANG_WARN_DEPRECATED_OBJC_IMPLEMENTATIONS = YES;
				CLANG_WARN_DIRECT_OBJC_ISA_USAGE = YES_ERROR;
				CLANG_WARN_DOCUMENTATION_COMMENTS = YES;
				CLANG_WARN_EMPTY_BODY = YES;
				CLANG_WARN_ENUM_CONVERSION = YES;
				CLANG_WARN_INFINITE_RECURSION = YES;
				CLANG_WARN_INT_CONVERSION = YES;
				CLANG_WARN_NON_LITERAL_NULL_CONVERSION = YES;
				CLANG_WARN_OBJC_IMPLICIT_RETAIN_SELF = YES;
				CLANG_WARN_OBJC_LITERAL_CONVERSION = YES;
				CLANG_WARN_OBJC_ROOT_CLASS = YES_ERROR;
				CLANG_WARN_QUOTED_INCLUDE_IN_FRAMEWORK_HEADER = YES;
				CLANG_WARN_RANGE_LOOP_ANALYSIS = YES;
				CLANG_WARN_STRICT_PROTOTYPES = YES;
				CLANG_WARN_SUSPICIOUS_MOVE = YES;
				CLANG_WARN_UNGUARDED_AVAILABILITY = YES_AGGRESSIVE;
				CLANG_WARN_UNREACHABLE_CODE = YES;
				CLANG_WARN__DUPLICATE_METHOD_MATCH = YES;
				COPY_PHASE_STRIP = NO;
				DEBUG_INFORMATION_FORMAT = "dwarf-with-dsym";
				ENABLE_NS_ASSERTIONS = NO;
				ENABLE_STRICT_OBJC_MSGSEND = YES;
				ENABLE_USER_SCRIPT_SANDBOXING = YES;
				GCC_C_LANGUAGE_STANDARD = gnu17;
				GCC_NO_COMMON_BLOCKS = YES;
				GCC_WARN_64_TO_32_BIT_CONVERSION = YES;
				GCC_WARN_ABOUT_RETURN_TYPE = YES_ERROR;
				GCC_WARN_UNDECLARED_SELECTOR = YES;
				GCC_WARN_UNINITIALIZED_AUTOS = YES_AGGRESSIVE;
				GCC_WARN_UNUSED_FUNCTION = YES;
				GCC_WARN_UNUSED_VARIABLE = YES;
				IPHONEOS_DEPLOYMENT_TARGET = 17.5;
				LOCALIZATION_PREFERS_STRING_CATALOGS = YES;
				MTL_ENABLE_DEBUG_INFO = NO;
				MTL_FAST_MATH = YES;
				SDKROOT = iphoneos;
				SWIFT_COMPILATION_MODE = wholemodule;
				VALIDATE_PRODUCT = YES;
			};
			name = Release;
		};
		DB3600662C78DAEA001888EF /* Debug */ = {
			isa = XCBuildConfiguration;
			buildSettings = {
				ASSETCATALOG_COMPILER_APPICON_NAME = AppIcon;
				ASSETCATALOG_COMPILER_GLOBAL_ACCENT_COLOR_NAME = AccentColor;
				CODE_SIGN_STYLE = Automatic;
				CURRENT_PROJECT_VERSION = 1;
				DEVELOPMENT_ASSET_PATHS = "\"03-02-SmartHome/Preview Content\"";
				ENABLE_PREVIEWS = YES;
				GENERATE_INFOPLIST_FILE = YES;
				INFOPLIST_KEY_UIApplicationSceneManifest_Generation = YES;
				INFOPLIST_KEY_UIApplicationSupportsIndirectInputEvents = YES;
				INFOPLIST_KEY_UILaunchScreen_Generation = YES;
				INFOPLIST_KEY_UISupportedInterfaceOrientations_iPad = "UIInterfaceOrientationPortrait UIInterfaceOrientationPortraitUpsideDown UIInterfaceOrientationLandscapeLeft UIInterfaceOrientationLandscapeRight";
				INFOPLIST_KEY_UISupportedInterfaceOrientations_iPhone = "UIInterfaceOrientationPortrait UIInterfaceOrientationLandscapeLeft UIInterfaceOrientationLandscapeRight";
				IPHONEOS_DEPLOYMENT_TARGET = 17.2;
				LD_RUNPATH_SEARCH_PATHS = (
					"$(inherited)",
					"@executable_path/Frameworks",
				);
				MARKETING_VERSION = 1.0;
				PRODUCT_BUNDLE_IDENTIFIER = "de.syntax-institut.-3-02-SmartHome";
				PRODUCT_NAME = "$(TARGET_NAME)";
				SWIFT_EMIT_LOC_STRINGS = YES;
				SWIFT_VERSION = 5.0;
				TARGETED_DEVICE_FAMILY = "1,2";
			};
			name = Debug;
		};
		DB3600672C78DAEA001888EF /* Release */ = {
			isa = XCBuildConfiguration;
			buildSettings = {
				ASSETCATALOG_COMPILER_APPICON_NAME = AppIcon;
				ASSETCATALOG_COMPILER_GLOBAL_ACCENT_COLOR_NAME = AccentColor;
				CODE_SIGN_STYLE = Automatic;
				CURRENT_PROJECT_VERSION = 1;
				DEVELOPMENT_ASSET_PATHS = "\"03-02-SmartHome/Preview Content\"";
				ENABLE_PREVIEWS = YES;
				GENERATE_INFOPLIST_FILE = YES;
				INFOPLIST_KEY_UIApplicationSceneManifest_Generation = YES;
				INFOPLIST_KEY_UIApplicationSupportsIndirectInputEvents = YES;
				INFOPLIST_KEY_UILaunchScreen_Generation = YES;
				INFOPLIST_KEY_UISupportedInterfaceOrientations_iPad = "UIInterfaceOrientationPortrait UIInterfaceOrientationPortraitUpsideDown UIInterfaceOrientationLandscapeLeft UIInterfaceOrientationLandscapeRight";
				INFOPLIST_KEY_UISupportedInterfaceOrientations_iPhone = "UIInterfaceOrientationPortrait UIInterfaceOrientationLandscapeLeft UIInterfaceOrientationLandscapeRight";
				IPHONEOS_DEPLOYMENT_TARGET = 17.2;
				LD_RUNPATH_SEARCH_PATHS = (
					"$(inherited)",
					"@executable_path/Frameworks",
				);
				MARKETING_VERSION = 1.0;
				PRODUCT_BUNDLE_IDENTIFIER = "de.syntax-institut.-3-02-SmartHome";
				PRODUCT_NAME = "$(TARGET_NAME)";
				SWIFT_EMIT_LOC_STRINGS = YES;
				SWIFT_VERSION = 5.0;
				TARGETED_DEVICE_FAMILY = "1,2";
			};
			name = Release;
		};
/* End XCBuildConfiguration section */

/* Begin XCConfigurationList section */
		DB3600522C78DAE9001888EF /* Build configuration list for PBXProject "03-02-SmartHome" */ = {
			isa = XCConfigurationList;
			buildConfigurations = (
				DB3600632C78DAEA001888EF /* Debug */,
				DB3600642C78DAEA001888EF /* Release */,
			);
			defaultConfigurationIsVisible = 0;
			defaultConfigurationName = Release;
		};
		DB3600652C78DAEA001888EF /* Build configuration list for PBXNativeTarget "03-02-SmartHome" */ = {
			isa = XCConfigurationList;
			buildConfigurations = (
				DB3600662C78DAEA001888EF /* Debug */,
				DB3600672C78DAEA001888EF /* Release */,
			);
			defaultConfigurationIsVisible = 0;
			defaultConfigurationName = Release;
		};
/* End XCConfigurationList section */
	};
	rootObject = DB36004F2C78DAE9001888EF /* Project object */;
}
